<?xml version="1.0" encoding="utf-8"?>
<Project ToolsVersion="4.0" xmlns="http://schemas.microsoft.com/developer/msbuild/2003">
  <ItemGroup>
    <Filter Include="Source Files">
      <UniqueIdentifier>{4FC737F1-C7A5-4376-A066-2A32D752A2FF}</UniqueIdentifier>
      <Extensions>cpp;c;cc;cxx;def;odl;idl;hpj;bat;asm;asmx</Extensions>
    </Filter>
    <Filter Include="Header Files">
      <UniqueIdentifier>{93995380-89BD-4b04-88EB-625FBE52EBFB}</UniqueIdentifier>
      <Extensions>h;hh;hpp;hxx;hm;inl;inc;ipp;xsd</Extensions>
    </Filter>
    <Filter Include="Resource Files">
      <UniqueIdentifier>{67DA6AB6-F800-4c08-8B7A-83BB121AAD01}</UniqueIdentifier>
      <Extensions>rc;ico;cur;bmp;dlg;rc2;rct;bin;rgs;gif;jpg;jpeg;jpe;resx;tiff;tif;png;wav;mfcribbon-ms</Extensions>
    </Filter>
    <Filter Include="Source Files\Debug">
      <UniqueIdentifier>{6bcb7371-3961-4aa1-be98-e12781b0912d}</UniqueIdentifier>
    </Filter>
    <Filter Include="Source Files\Common">
      <UniqueIdentifier>{f0e1ea6b-2efc-40c0-aa50-64ee85ecdea5}</UniqueIdentifier>
    </Filter>
    <Filter Include="Header Files\Common">
      <UniqueIdentifier>{a6a837f0-8bcb-4624-89f4-786078bb2c81}</UniqueIdentifier>
    </Filter>
    <Filter Include="Source Files\Devil">
      <UniqueIdentifier>{3d58680c-336c-4547-9ce9-bebc337d00fb}</UniqueIdentifier>
    </Filter>
    <Filter Include="Source Files\Release">
      <UniqueIdentifier>{e657f41e-1e58-456e-be6e-23527bebc074}</UniqueIdentifier>
    </Filter>
  </ItemGroup>
  <ItemGroup>
    <ClInclude Include="pch.h">
      <Filter>Header Files</Filter>
    </ClInclude>
    <ClInclude Include="Common\Redguard3dFile.h">
      <Filter>Header Files\Common</Filter>
    </ClInclude>
    <ClInclude Include="Common\RedguardTexBsiFile.h">
      <Filter>Header Files\Common</Filter>
    </ClInclude>
    <ClInclude Include="Common\RedguardCommon.h">
      <Filter>Header Files\Common</Filter>
    </ClInclude>
    <ClInclude Include="Common\RedguardFbx.h">
      <Filter>Header Files\Common</Filter>
    </ClInclude>
  </ItemGroup>
  <ItemGroup>
    <ClCompile Include="pch.cpp">
      <Filter>Source Files</Filter>
    </ClCompile>
    <ClCompile Include="3DFileTest.cpp">
      <Filter>Source Files</Filter>
    </ClCompile>
    <ClCompile Include="Common\Redguard3dFile.cpp">
      <Filter>Source Files\Common</Filter>
    </ClCompile>
    <ClCompile Include="Common\RedguardTexBsiFile.cpp">
      <Filter>Source Files\Common</Filter>
    </ClCompile>
    <ClCompile Include="Common\RedguardCommon.cpp">
      <Filter>Source Files\Common</Filter>
    </ClCompile>
    <ClCompile Include="Common\RedguardFbx.cpp">
      <Filter>Source Files\Common</Filter>
    </ClCompile>
  </ItemGroup>
  <ItemGroup>
    <Library Include="C:\Program Files\Autodesk\FBX\FBX SDK\2020.1.1\lib\vs2017\x86\debug\libfbxsdk.lib">
      <Filter>Source Files\Debug</Filter>
    </Library>
    <Library Include="C:\Program Files\Autodesk\FBX\FBX SDK\2020.1.1\lib\vs2017\x86\debug\libfbxsdk-md.lib">
      <Filter>Source Files\Debug</Filter>
    </Library>
    <Library Include="C:\Program Files\Autodesk\FBX\FBX SDK\2020.1.1\lib\vs2017\x86\debug\libxml2-md.lib">
      <Filter>Source Files\Debug</Filter>
    </Library>
    <Library Include="C:\Program Files\Autodesk\FBX\FBX SDK\2020.1.1\lib\vs2017\x86\debug\zlib-md.lib">
      <Filter>Source Files\Debug</Filter>
    </Library>
    <Library Include="Common\devil\lib\ILUT.lib">
      <Filter>Source Files\Devil</Filter>
    </Library>
    <Library Include="Common\devil\lib\DevIL.lib">
      <Filter>Source Files\Devil</Filter>
    </Library>
    <Library Include="Common\devil\lib\ILU.lib">
      <Filter>Source Files\Devil</Filter>
    </Library>
    <Library Include="C:\Program Files\Autodesk\FBX\FBX SDK\2020.1.1\lib\vs2017\x86\release\libfbxsdk.lib">
      <Filter>Source Files\Release</Filter>
    </Library>
    <Library Include="C:\Program Files\Autodesk\FBX\FBX SDK\2020.1.1\lib\vs2017\x86\release\libfbxsdk-md.lib">
      <Filter>Source Files\Release</Filter>
    </Library>
    <Library Include="C:\Program Files\Autodesk\FBX\FBX SDK\2020.1.1\lib\vs2017\x86\release\libxml2-md.lib">
      <Filter>Source Files\Release</Filter>
    </Library>
    <Library Include="C:\Program Files\Autodesk\FBX\FBX SDK\2020.1.1\lib\vs2017\x86\release\zlib-md.lib">
      <Filter>Source Files\Release</Filter>
    </Library>
  </ItemGroup>
</Project>